
Microsoft Visual Studio Solution File, Format Version 11.00
# Visual C# Express 2010
Project("{FAE04EC0-301F-11D3-BF4B-00C04F79EFBC}") = "Exercicio1_Quest1", "Exercicio1_Quest1\Exercicio1_Quest1.csproj", "{946A5D83-FADA-4540-9638-B35C8CF8410D}"
EndProject
Global
	GlobalSection(SolutionConfigurationPlatforms) = preSolution
		Debug|x86 = Debug|x86
		Release|x86 = Release|x86
	EndGlobalSection
	GlobalSection(ProjectConfigurationPlatforms) = postSolution
		{946A5D83-FADA-4540-9638-B35C8CF8410D}.Debug|x86.ActiveCfg = Debug|x86
		{946A5D83-FADA-4540-9638-B35C8CF8410D}.Debug|x86.Build.0 = Debug|x86
		{946A5D83-FADA-4540-9638-B35C8CF8410D}.Release|x86.ActiveCfg = Release|x86
		{946A5D83-FADA-4540-9638-B35C8CF8410D}.Release|x86.Build.0 = Release|x86
	EndGlobalSection
	GlobalSection(SolutionProperties) = preSolution
		HideSolutionNode = FALSE
	EndGlobalSection
EndGlobal
