
Microsoft Visual Studio Solution File, Format Version 11.00
# Visual C# Express 2010
Project("{FAE04EC0-301F-11D3-BF4B-00C04F79EFBC}") = "Aula4_Exemplo1.1", "Aula4_Exemplo1.1\Aula4_Exemplo1.1.csproj", "{EB26A306-A886-4440-A0EA-3A20F5CD6711}"
EndProject
Global
	GlobalSection(SolutionConfigurationPlatforms) = preSolution
		Debug|x86 = Debug|x86
		Release|x86 = Release|x86
	EndGlobalSection
	GlobalSection(ProjectConfigurationPlatforms) = postSolution
		{EB26A306-A886-4440-A0EA-3A20F5CD6711}.Debug|x86.ActiveCfg = Debug|x86
		{EB26A306-A886-4440-A0EA-3A20F5CD6711}.Debug|x86.Build.0 = Debug|x86
		{EB26A306-A886-4440-A0EA-3A20F5CD6711}.Release|x86.ActiveCfg = Release|x86
		{EB26A306-A886-4440-A0EA-3A20F5CD6711}.Release|x86.Build.0 = Release|x86
	EndGlobalSection
	GlobalSection(SolutionProperties) = preSolution
		HideSolutionNode = FALSE
	EndGlobalSection
EndGlobal
