
Microsoft Visual Studio Solution File, Format Version 11.00
# Visual C# Express 2010
Project("{FAE04EC0-301F-11D3-BF4B-00C04F79EFBC}") = "Aula2_Exemplo4", "Aula2_Exemplo4\Aula2_Exemplo4.csproj", "{5BD57977-1ABA-4CD2-A3DD-542376928D0D}"
EndProject
Global
	GlobalSection(SolutionConfigurationPlatforms) = preSolution
		Debug|x86 = Debug|x86
		Release|x86 = Release|x86
	EndGlobalSection
	GlobalSection(ProjectConfigurationPlatforms) = postSolution
		{5BD57977-1ABA-4CD2-A3DD-542376928D0D}.Debug|x86.ActiveCfg = Debug|x86
		{5BD57977-1ABA-4CD2-A3DD-542376928D0D}.Debug|x86.Build.0 = Debug|x86
		{5BD57977-1ABA-4CD2-A3DD-542376928D0D}.Release|x86.ActiveCfg = Release|x86
		{5BD57977-1ABA-4CD2-A3DD-542376928D0D}.Release|x86.Build.0 = Release|x86
	EndGlobalSection
	GlobalSection(SolutionProperties) = preSolution
		HideSolutionNode = FALSE
	EndGlobalSection
EndGlobal
